
Microsoft Visual Studio Solution File, Format Version 12.00
# Visual Studio 2015
Project("{FAE04EC0-301F-11D3-BF4B-00C04F79EFBC}") = "AmazeGamejam2018", "AmazeGamejam2018.csproj", "{F77654CE-1608-7F9E-7E01-9F94825889C5}"
EndProject
Global
	GlobalSection(SolutionConfigurationPlatforms) = preSolution
		Debug|Any CPU = Debug|Any CPU
		Release|Any CPU = Release|Any CPU
	EndGlobalSection
	GlobalSection(ProjectConfigurationPlatforms) = postSolution
		{F77654CE-1608-7F9E-7E01-9F94825889C5}.Debug|Any CPU.ActiveCfg = Debug|Any CPU
		{F77654CE-1608-7F9E-7E01-9F94825889C5}.Debug|Any CPU.Build.0 = Debug|Any CPU
		{F77654CE-1608-7F9E-7E01-9F94825889C5}.Release|Any CPU.ActiveCfg = Release|Any CPU
		{F77654CE-1608-7F9E-7E01-9F94825889C5}.Release|Any CPU.Build.0 = Release|Any CPU
	EndGlobalSection
	GlobalSection(SolutionProperties) = preSolution
		HideSolutionNode = FALSE
	EndGlobalSection
EndGlobal
